{
    "name": "@jatagani/uchalk",
    "version": "2.1.1",
    "lockfileVersion": 2,
    "requires": true,
    "packages": {
        "": {
            "name": "@jatagani/uchalk",
            "version": "2.1.1",
            "license": "MIT",
            "dependencies": {
                "@jatagani/uchalk": "^2.1.1"
            },
            "devDependencies": {
                "@types/node": "^17.0.21"
            }
        },
        "node_modules/@jatagani/uchalk": {
            "version": "2.1.1",
            "resolved": "https://registry.npmjs.org/@jatagani/uchalk/-/uchalk-2.1.1.tgz",
            "integrity": "sha512-MWtmOuI36zpcS9QmRks7vt67C12TacPmqH2nkO6U5f4Rzqv24DP9BGuIlbIjdPw1wRPnj/sPnI/6QSqlbnftwQ==",
            "dependencies": {
                "@jatagani/uchalk": "^2.0.0"
            }
        },
        "node_modules/@types/node": {
            "version": "17.0.21",
            "resolved": "https://registry.npmjs.org/@types/node/-/node-17.0.21.tgz",
            "integrity": "sha512-DBZCJbhII3r90XbQxI8Y9IjjiiOGlZ0Hr32omXIZvwwZ7p4DMMXGrKXVyPfuoBOri9XNtL0UK69jYIBIsRX3QQ==",
            "dev": true
        }
    },
    "dependencies": {
        "@jatagani/uchalk": {
            "version": "2.1.1",
            "resolved": "https://registry.npmjs.org/@jatagani/uchalk/-/uchalk-2.1.1.tgz",
            "integrity": "sha512-MWtmOuI36zpcS9QmRks7vt67C12TacPmqH2nkO6U5f4Rzqv24DP9BGuIlbIjdPw1wRPnj/sPnI/6QSqlbnftwQ==",
            "requires": {
                "@jatagani/uchalk": "^2.0.0"
            }
        },
        "@types/node": {
            "version": "17.0.21",
            "resolved": "https://registry.npmjs.org/@types/node/-/node-17.0.21.tgz",
            "integrity": "sha512-DBZCJbhII3r90XbQxI8Y9IjjiiOGlZ0Hr32omXIZvwwZ7p4DMMXGrKXVyPfuoBOri9XNtL0UK69jYIBIsRX3QQ==",
            "dev": true
        }
    }
}
